{
  "name": "dogealert",
  "version": "1.0.0",
  "lockfileVersion": 1,
  "requires": true,
  "dependencies": {
    "webwebweb": {
      "version": "1.4.6",
      "resolved": "https://registry.npmjs.org/webwebweb/-/webwebweb-1.4.6.tgz",
      "integrity": "sha512-HV/EyE32CsJ85IzRlPz2ghDySjHPPFYxUKG70CiXBKAAan7aCGKBfh34AfIhHMiEcstBdq60sak74tMOEP+lMA=="
    }
  }
}
